{
  "name": "bible proj",
  "lockfileVersion": 2,
  "requires": true,
  "packages": {
    "": {
      "dependencies": {
        "openai": "^5.10.1"
      }
    },
    "node_modules/openai": {
      "version": "5.10.1",
      "resolved": "https://registry.npmjs.org/openai/-/openai-5.10.1.tgz",
      "integrity": "sha512-fq6xVfv1/gpLbsj8fArEt3b6B9jBxdhAK+VJ+bDvbUvNd+KTLlA3bnDeYZaBsGH9LUhJ1M1yXfp9sEyBLMx6eA==",
      "bin": {
        "openai": "bin/cli"
      },
      "peerDependencies": {
        "ws": "^8.18.0",
        "zod": "^3.23.8"
      },
      "peerDependenciesMeta": {
        "ws": {
          "optional": true
        },
        "zod": {
          "optional": true
        }
      }
    }
  },
  "dependencies": {
    "openai": {
      "version": "5.10.1",
      "resolved": "https://registry.npmjs.org/openai/-/openai-5.10.1.tgz",
      "integrity": "sha512-fq6xVfv1/gpLbsj8fArEt3b6B9jBxdhAK+VJ+bDvbUvNd+KTLlA3bnDeYZaBsGH9LUhJ1M1yXfp9sEyBLMx6eA==",
      "requires": {}
    }
  }
}
